// !$*UTF8*$!
{
	archiveVersion = 1;
	classes = {
	};
	objectVersion = 55;
	objects = {

/* Begin PBXBuildFile section */
		AF8E50D8283A9E3500B3866B /* Service+Adapter.swift in Sources */ = {isa = PBXBuildFile; fileRef = AF8E50D7283A9E3500B3866B /* Service+Adapter.swift */; };
		AFA31770283B802C0060FF51 /* Endpoint+NimbleDefaults.swift in Sources */ = {isa = PBXBuildFile; fileRef = AFA3176F283B802C0060FF51 /* Endpoint+NimbleDefaults.swift */; };
		AFAD4F34283A412300773FF0 /* AppDelegate.swift in Sources */ = {isa = PBXBuildFile; fileRef = AFAD4F33283A412300773FF0 /* AppDelegate.swift */; };
		AFAD4F36283A412300773FF0 /* SceneDelegate.swift in Sources */ = {isa = PBXBuildFile; fileRef = AFAD4F35283A412300773FF0 /* SceneDelegate.swift */; };
		AFAD4F3B283A412300773FF0 /* Main.storyboard in Resources */ = {isa = PBXBuildFile; fileRef = AFAD4F39283A412300773FF0 /* Main.storyboard */; };
		AFAD4F3D283A412600773FF0 /* Assets.xcassets in Resources */ = {isa = PBXBuildFile; fileRef = AFAD4F3C283A412600773FF0 /* Assets.xcassets */; };
		AFAD4F40283A412600773FF0 /* LaunchScreen.storyboard in Resources */ = {isa = PBXBuildFile; fileRef = AFAD4F3E283A412600773FF0 /* LaunchScreen.storyboard */; };
		AFAD4F4D283A45E300773FF0 /* SignupViewController.swift in Sources */ = {isa = PBXBuildFile; fileRef = AFAD4F4C283A45E300773FF0 /* SignupViewController.swift */; };
		AFAD4F4F283A463500773FF0 /* UIStoryboardNames.swift in Sources */ = {isa = PBXBuildFile; fileRef = AFAD4F4E283A463500773FF0 /* UIStoryboardNames.swift */; };
		AFAD4F51283A465000773FF0 /* UIViewController+Storyboard.swift in Sources */ = {isa = PBXBuildFile; fileRef = AFAD4F50283A465000773FF0 /* UIViewController+Storyboard.swift */; };
		AFAD4F55283A490200773FF0 /* Endpoint.swift in Sources */ = {isa = PBXBuildFile; fileRef = AFAD4F53283A490200773FF0 /* Endpoint.swift */; };
		AFAD4F56283A490200773FF0 /* WebService.swift in Sources */ = {isa = PBXBuildFile; fileRef = AFAD4F54283A490200773FF0 /* WebService.swift */; };
		AFAD4F59283A494100773FF0 /* SignupAPI.swift in Sources */ = {isa = PBXBuildFile; fileRef = AFAD4F58283A494100773FF0 /* SignupAPI.swift */; };
/* End PBXBuildFile section */

/* Begin PBXFileReference section */
		AF8E50D7283A9E3500B3866B /* Service+Adapter.swift */ = {isa = PBXFileReference; lastKnownFileType = sourcecode.swift; path = "Service+Adapter.swift"; sourceTree = "<group>"; };
		AFA3176F283B802C0060FF51 /* Endpoint+NimbleDefaults.swift */ = {isa = PBXFileReference; lastKnownFileType = sourcecode.swift; path = "Endpoint+NimbleDefaults.swift"; sourceTree = "<group>"; };
		AFAD4F30283A412300773FF0 /* NimbleSurvey.app */ = {isa = PBXFileReference; explicitFileType = wrapper.application; includeInIndex = 0; path = NimbleSurvey.app; sourceTree = BUILT_PRODUCTS_DIR; };
		AFAD4F33283A412300773FF0 /* AppDelegate.swift */ = {isa = PBXFileReference; lastKnownFileType = sourcecode.swift; path = AppDelegate.swift; sourceTree = "<group>"; };
		AFAD4F35283A412300773FF0 /* SceneDelegate.swift */ = {isa = PBXFileReference; lastKnownFileType = sourcecode.swift; path = SceneDelegate.swift; sourceTree = "<group>"; };
		AFAD4F3A283A412300773FF0 /* Base */ = {isa = PBXFileReference; lastKnownFileType = file.storyboard; name = Base; path = Base.lproj/Main.storyboard; sourceTree = "<group>"; };
		AFAD4F3C283A412600773FF0 /* Assets.xcassets */ = {isa = PBXFileReference; lastKnownFileType = folder.assetcatalog; path = Assets.xcassets; sourceTree = "<group>"; };
		AFAD4F3F283A412600773FF0 /* Base */ = {isa = PBXFileReference; lastKnownFileType = file.storyboard; name = Base; path = Base.lproj/LaunchScreen.storyboard; sourceTree = "<group>"; };
		AFAD4F41283A412600773FF0 /* Info.plist */ = {isa = PBXFileReference; lastKnownFileType = text.plist.xml; path = Info.plist; sourceTree = "<group>"; };
		AFAD4F4C283A45E300773FF0 /* SignupViewController.swift */ = {isa = PBXFileReference; lastKnownFileType = sourcecode.swift; path = SignupViewController.swift; sourceTree = "<group>"; };
		AFAD4F4E283A463500773FF0 /* UIStoryboardNames.swift */ = {isa = PBXFileReference; fileEncoding = 4; lastKnownFileType = sourcecode.swift; path = UIStoryboardNames.swift; sourceTree = "<group>"; };
		AFAD4F50283A465000773FF0 /* UIViewController+Storyboard.swift */ = {isa = PBXFileReference; fileEncoding = 4; lastKnownFileType = sourcecode.swift; path = "UIViewController+Storyboard.swift"; sourceTree = "<group>"; };
		AFAD4F53283A490200773FF0 /* Endpoint.swift */ = {isa = PBXFileReference; fileEncoding = 4; lastKnownFileType = sourcecode.swift; path = Endpoint.swift; sourceTree = "<group>"; };
		AFAD4F54283A490200773FF0 /* WebService.swift */ = {isa = PBXFileReference; fileEncoding = 4; lastKnownFileType = sourcecode.swift; path = WebService.swift; sourceTree = "<group>"; };
		AFAD4F58283A494100773FF0 /* SignupAPI.swift */ = {isa = PBXFileReference; lastKnownFileType = sourcecode.swift; path = SignupAPI.swift; sourceTree = "<group>"; };
/* End PBXFileReference section */

/* Begin PBXFrameworksBuildPhase section */
		AFAD4F2D283A412300773FF0 /* Frameworks */ = {
			isa = PBXFrameworksBuildPhase;
			buildActionMask = 2147483647;
			files = (
			);
			runOnlyForDeploymentPostprocessing = 0;
		};
/* End PBXFrameworksBuildPhase section */

/* Begin PBXGroup section */
		AF8E50D9283AA09F00B3866B /* API+Services */ = {
			isa = PBXGroup;
			children = (
				AF8E50D7283A9E3500B3866B /* Service+Adapter.swift */,
				AFA3176F283B802C0060FF51 /* Endpoint+NimbleDefaults.swift */,
				AFAD4F58283A494100773FF0 /* SignupAPI.swift */,
			);
			path = "API+Services";
			sourceTree = "<group>";
		};
		AFAD4F27283A412300773FF0 = {
			isa = PBXGroup;
			children = (
				AFAD4F32283A412300773FF0 /* NimbleSurvey */,
				AFAD4F31283A412300773FF0 /* Products */,
			);
			sourceTree = "<group>";
		};
		AFAD4F31283A412300773FF0 /* Products */ = {
			isa = PBXGroup;
			children = (
				AFAD4F30283A412300773FF0 /* NimbleSurvey.app */,
			);
			name = Products;
			sourceTree = "<group>";
		};
		AFAD4F32283A412300773FF0 /* NimbleSurvey */ = {
			isa = PBXGroup;
			children = (
				AFAD4F4A283A459B00773FF0 /* App */,
				AFAD4F4B283A45CD00773FF0 /* View */,
				AF8E50D9283AA09F00B3866B /* API+Services */,
				AFAD4F57283A490900773FF0 /* Networking */,
				AFAD4F52283A465500773FF0 /* Protocols+Extensions */,
				AFAD4F48283A457E00773FF0 /* Resources */,
				AFAD4F47283A453B00773FF0 /* SupportingFiles */,
			);
			path = NimbleSurvey;
			sourceTree = "<group>";
		};
		AFAD4F47283A453B00773FF0 /* SupportingFiles */ = {
			isa = PBXGroup;
			children = (
				AFAD4F41283A412600773FF0 /* Info.plist */,
			);
			path = SupportingFiles;
			sourceTree = "<group>";
		};
		AFAD4F48283A457E00773FF0 /* Resources */ = {
			isa = PBXGroup;
			children = (
				AFAD4F3C283A412600773FF0 /* Assets.xcassets */,
			);
			path = Resources;
			sourceTree = "<group>";
		};
		AFAD4F49283A458F00773FF0 /* Storyboards */ = {
			isa = PBXGroup;
			children = (
				AFAD4F39283A412300773FF0 /* Main.storyboard */,
				AFAD4F3E283A412600773FF0 /* LaunchScreen.storyboard */,
				AFAD4F4E283A463500773FF0 /* UIStoryboardNames.swift */,
			);
			path = Storyboards;
			sourceTree = "<group>";
		};
		AFAD4F4A283A459B00773FF0 /* App */ = {
			isa = PBXGroup;
			children = (
				AFAD4F33283A412300773FF0 /* AppDelegate.swift */,
				AFAD4F35283A412300773FF0 /* SceneDelegate.swift */,
			);
			path = App;
			sourceTree = "<group>";
		};
		AFAD4F4B283A45CD00773FF0 /* View */ = {
			isa = PBXGroup;
			children = (
				AFAD4F49283A458F00773FF0 /* Storyboards */,
				AFAD4F4C283A45E300773FF0 /* SignupViewController.swift */,
			);
			path = View;
			sourceTree = "<group>";
		};
		AFAD4F52283A465500773FF0 /* Protocols+Extensions */ = {
			isa = PBXGroup;
			children = (
				AFAD4F50283A465000773FF0 /* UIViewController+Storyboard.swift */,
			);
			path = "Protocols+Extensions";
			sourceTree = "<group>";
		};
		AFAD4F57283A490900773FF0 /* Networking */ = {
			isa = PBXGroup;
			children = (
				AFAD4F53283A490200773FF0 /* Endpoint.swift */,
				AFAD4F54283A490200773FF0 /* WebService.swift */,
			);
			path = Networking;
			sourceTree = "<group>";
		};
/* End PBXGroup section */

/* Begin PBXNativeTarget section */
		AFAD4F2F283A412300773FF0 /* NimbleSurvey */ = {
			isa = PBXNativeTarget;
			buildConfigurationList = AFAD4F44283A412600773FF0 /* Build configuration list for PBXNativeTarget "NimbleSurvey" */;
			buildPhases = (
				AFAD4F2C283A412300773FF0 /* Sources */,
				AFAD4F2D283A412300773FF0 /* Frameworks */,
				AFAD4F2E283A412300773FF0 /* Resources */,
			);
			buildRules = (
			);
			dependencies = (
			);
			name = NimbleSurvey;
			productName = NimbleSurvey;
			productReference = AFAD4F30283A412300773FF0 /* NimbleSurvey.app */;
			productType = "com.apple.product-type.application";
		};
/* End PBXNativeTarget section */

/* Begin PBXProject section */
		AFAD4F28283A412300773FF0 /* Project object */ = {
			isa = PBXProject;
			attributes = {
				BuildIndependentTargetsInParallel = 1;
				LastSwiftUpdateCheck = 1330;
				LastUpgradeCheck = 1330;
				TargetAttributes = {
					AFAD4F2F283A412300773FF0 = {
						CreatedOnToolsVersion = 13.3.1;
					};
				};
			};
			buildConfigurationList = AFAD4F2B283A412300773FF0 /* Build configuration list for PBXProject "NimbleSurvey" */;
			compatibilityVersion = "Xcode 13.0";
			developmentRegion = en;
			hasScannedForEncodings = 0;
			knownRegions = (
				en,
				Base,
			);
			mainGroup = AFAD4F27283A412300773FF0;
			productRefGroup = AFAD4F31283A412300773FF0 /* Products */;
			projectDirPath = "";
			projectRoot = "";
			targets = (
				AFAD4F2F283A412300773FF0 /* NimbleSurvey */,
			);
		};
/* End PBXProject section */

/* Begin PBXResourcesBuildPhase section */
		AFAD4F2E283A412300773FF0 /* Resources */ = {
			isa = PBXResourcesBuildPhase;
			buildActionMask = 2147483647;
			files = (
				AFAD4F40283A412600773FF0 /* LaunchScreen.storyboard in Resources */,
				AFAD4F3D283A412600773FF0 /* Assets.xcassets in Resources */,
				AFAD4F3B283A412300773FF0 /* Main.storyboard in Resources */,
			);
			runOnlyForDeploymentPostprocessing = 0;
		};
/* End PBXResourcesBuildPhase section */

/* Begin PBXSourcesBuildPhase section */
		AFAD4F2C283A412300773FF0 /* Sources */ = {
			isa = PBXSourcesBuildPhase;
			buildActionMask = 2147483647;
			files = (
				AFAD4F4D283A45E300773FF0 /* SignupViewController.swift in Sources */,
				AFAD4F4F283A463500773FF0 /* UIStoryboardNames.swift in Sources */,
				AFAD4F59283A494100773FF0 /* SignupAPI.swift in Sources */,
				AFAD4F56283A490200773FF0 /* WebService.swift in Sources */,
				AFAD4F34283A412300773FF0 /* AppDelegate.swift in Sources */,
				AFAD4F51283A465000773FF0 /* UIViewController+Storyboard.swift in Sources */,
				AF8E50D8283A9E3500B3866B /* Service+Adapter.swift in Sources */,
				AFA31770283B802C0060FF51 /* Endpoint+NimbleDefaults.swift in Sources */,
				AFAD4F55283A490200773FF0 /* Endpoint.swift in Sources */,
				AFAD4F36283A412300773FF0 /* SceneDelegate.swift in Sources */,
			);
			runOnlyForDeploymentPostprocessing = 0;
		};
/* End PBXSourcesBuildPhase section */

/* Begin PBXVariantGroup section */
		AFAD4F39283A412300773FF0 /* Main.storyboard */ = {
			isa = PBXVariantGroup;
			children = (
				AFAD4F3A283A412300773FF0 /* Base */,
			);
			name = Main.storyboard;
			sourceTree = "<group>";
		};
		AFAD4F3E283A412600773FF0 /* LaunchScreen.storyboard */ = {
			isa = PBXVariantGroup;
			children = (
				AFAD4F3F283A412600773FF0 /* Base */,
			);
			name = LaunchScreen.storyboard;
			sourceTree = "<group>";
		};
/* End PBXVariantGroup section */

/* Begin XCBuildConfiguration section */
		AFAD4F42283A412600773FF0 /* Debug */ = {
			isa = XCBuildConfiguration;
			buildSettings = {
				ALWAYS_SEARCH_USER_PATHS = NO;
				CLANG_ANALYZER_NONNULL = YES;
				CLANG_ANALYZER_NUMBER_OBJECT_CONVERSION = YES_AGGRESSIVE;
				CLANG_CXX_LANGUAGE_STANDARD = "gnu++17";
				CLANG_ENABLE_MODULES = YES;
				CLANG_ENABLE_OBJC_ARC = YES;
				CLANG_ENABLE_OBJC_WEAK = YES;
				CLANG_WARN_BLOCK_CAPTURE_AUTORELEASING = YES;
				CLANG_WARN_BOOL_CONVERSION = YES;
				CLANG_WARN_COMMA = YES;
				CLANG_WARN_CONSTANT_CONVERSION = YES;
				CLANG_WARN_DEPRECATED_OBJC_IMPLEMENTATIONS = YES;
				CLANG_WARN_DIRECT_OBJC_ISA_USAGE = YES_ERROR;
				CLANG_WARN_DOCUMENTATION_COMMENTS = YES;
				CLANG_WARN_EMPTY_BODY = YES;
				CLANG_WARN_ENUM_CONVERSION = YES;
				CLANG_WARN_INFINITE_RECURSION = YES;
				CLANG_WARN_INT_CONVERSION = YES;
				CLANG_WARN_NON_LITERAL_NULL_CONVERSION = YES;
				CLANG_WARN_OBJC_IMPLICIT_RETAIN_SELF = YES;
				CLANG_WARN_OBJC_LITERAL_CONVERSION = YES;
				CLANG_WARN_OBJC_ROOT_CLASS = YES_ERROR;
				CLANG_WARN_QUOTED_INCLUDE_IN_FRAMEWORK_HEADER = YES;
				CLANG_WARN_RANGE_LOOP_ANALYSIS = YES;
				CLANG_WARN_STRICT_PROTOTYPES = YES;
				CLANG_WARN_SUSPICIOUS_MOVE = YES;
				CLANG_WARN_UNGUARDED_AVAILABILITY = YES_AGGRESSIVE;
				CLANG_WARN_UNREACHABLE_CODE = YES;
				CLANG_WARN__DUPLICATE_METHOD_MATCH = YES;
				COPY_PHASE_STRIP = NO;
				DEBUG_INFORMATION_FORMAT = dwarf;
				ENABLE_STRICT_OBJC_MSGSEND = YES;
				ENABLE_TESTABILITY = YES;
				GCC_C_LANGUAGE_STANDARD = gnu11;
				GCC_DYNAMIC_NO_PIC = NO;
				GCC_NO_COMMON_BLOCKS = YES;
				GCC_OPTIMIZATION_LEVEL = 0;
				GCC_PREPROCESSOR_DEFINITIONS = (
					"DEBUG=1",
					"$(inherited)",
				);
				GCC_WARN_64_TO_32_BIT_CONVERSION = YES;
				GCC_WARN_ABOUT_RETURN_TYPE = YES_ERROR;
				GCC_WARN_UNDECLARED_SELECTOR = YES;
				GCC_WARN_UNINITIALIZED_AUTOS = YES_AGGRESSIVE;
				GCC_WARN_UNUSED_FUNCTION = YES;
				GCC_WARN_UNUSED_VARIABLE = YES;
				IPHONEOS_DEPLOYMENT_TARGET = 13.0;
				MTL_ENABLE_DEBUG_INFO = INCLUDE_SOURCE;
				MTL_FAST_MATH = YES;
				ONLY_ACTIVE_ARCH = YES;
				SDKROOT = iphoneos;
				SWIFT_ACTIVE_COMPILATION_CONDITIONS = DEBUG;
				SWIFT_OPTIMIZATION_LEVEL = "-Onone";
			};
			name = Debug;
		};
		AFAD4F43283A412600773FF0 /* Release */ = {
			isa = XCBuildConfiguration;
			buildSettings = {
				ALWAYS_SEARCH_USER_PATHS = NO;
				CLANG_ANALYZER_NONNULL = YES;
				CLANG_ANALYZER_NUMBER_OBJECT_CONVERSION = YES_AGGRESSIVE;
				CLANG_CXX_LANGUAGE_STANDARD = "gnu++17";
				CLANG_ENABLE_MODULES = YES;
				CLANG_ENABLE_OBJC_ARC = YES;
				CLANG_ENABLE_OBJC_WEAK = YES;
				CLANG_WARN_BLOCK_CAPTURE_AUTORELEASING = YES;
				CLANG_WARN_BOOL_CONVERSION = YES;
				CLANG_WARN_COMMA = YES;
				CLANG_WARN_CONSTANT_CONVERSION = YES;
				CLANG_WARN_DEPRECATED_OBJC_IMPLEMENTATIONS = YES;
				CLANG_WARN_DIRECT_OBJC_ISA_USAGE = YES_ERROR;
				CLANG_WARN_DOCUMENTATION_COMMENTS = YES;
				CLANG_WARN_EMPTY_BODY = YES;
				CLANG_WARN_ENUM_CONVERSION = YES;
				CLANG_WARN_INFINITE_RECURSION = YES;
				CLANG_WARN_INT_CONVERSION = YES;
				CLANG_WARN_NON_LITERAL_NULL_CONVERSION = YES;
				CLANG_WARN_OBJC_IMPLICIT_RETAIN_SELF = YES;
				CLANG_WARN_OBJC_LITERAL_CONVERSION = YES;
				CLANG_WARN_OBJC_ROOT_CLASS = YES_ERROR;
				CLANG_WARN_QUOTED_INCLUDE_IN_FRAMEWORK_HEADER = YES;
				CLANG_WARN_RANGE_LOOP_ANALYSIS = YES;
				CLANG_WARN_STRICT_PROTOTYPES = YES;
				CLANG_WARN_SUSPICIOUS_MOVE = YES;
				CLANG_WARN_UNGUARDED_AVAILABILITY = YES_AGGRESSIVE;
				CLANG_WARN_UNREACHABLE_CODE = YES;
				CLANG_WARN__DUPLICATE_METHOD_MATCH = YES;
				COPY_PHASE_STRIP = NO;
				DEBUG_INFORMATION_FORMAT = "dwarf-with-dsym";
				ENABLE_NS_ASSERTIONS = NO;
				ENABLE_STRICT_OBJC_MSGSEND = YES;
				GCC_C_LANGUAGE_STANDARD = gnu11;
				GCC_NO_COMMON_BLOCKS = YES;
				GCC_WARN_64_TO_32_BIT_CONVERSION = YES;
				GCC_WARN_ABOUT_RETURN_TYPE = YES_ERROR;
				GCC_WARN_UNDECLARED_SELECTOR = YES;
				GCC_WARN_UNINITIALIZED_AUTOS = YES_AGGRESSIVE;
				GCC_WARN_UNUSED_FUNCTION = YES;
				GCC_WARN_UNUSED_VARIABLE = YES;
				IPHONEOS_DEPLOYMENT_TARGET = 13.0;
				MTL_ENABLE_DEBUG_INFO = NO;
				MTL_FAST_MATH = YES;
				SDKROOT = iphoneos;
				SWIFT_COMPILATION_MODE = wholemodule;
				SWIFT_OPTIMIZATION_LEVEL = "-O";
				VALIDATE_PRODUCT = YES;
			};
			name = Release;
		};
		AFAD4F45283A412600773FF0 /* Debug */ = {
			isa = XCBuildConfiguration;
			buildSettings = {
				ASSETCATALOG_COMPILER_APPICON_NAME = AppIcon;
				ASSETCATALOG_COMPILER_GLOBAL_ACCENT_COLOR_NAME = AccentColor;
				CODE_SIGN_STYLE = Automatic;
				CURRENT_PROJECT_VERSION = 1;
				DEVELOPMENT_TEAM = 43XQUWJGKD;
				GENERATE_INFOPLIST_FILE = YES;
				INFOPLIST_FILE = NimbleSurvey/SupportingFiles/Info.plist;
				INFOPLIST_KEY_UIApplicationSupportsIndirectInputEvents = YES;
				INFOPLIST_KEY_UILaunchStoryboardName = LaunchScreen;
				INFOPLIST_KEY_UISupportedInterfaceOrientations_iPad = "UIInterfaceOrientationPortrait UIInterfaceOrientationPortraitUpsideDown UIInterfaceOrientationLandscapeLeft UIInterfaceOrientationLandscapeRight";
				INFOPLIST_KEY_UISupportedInterfaceOrientations_iPhone = "UIInterfaceOrientationPortrait UIInterfaceOrientationLandscapeLeft UIInterfaceOrientationLandscapeRight";
				LD_RUNPATH_SEARCH_PATHS = (
					"$(inherited)",
					"@executable_path/Frameworks",
				);
				MARKETING_VERSION = 1.0;
				PRODUCT_BUNDLE_IDENTIFIER = com.nayem.NimbleSurvey;
				PRODUCT_NAME = "$(TARGET_NAME)";
				SWIFT_EMIT_LOC_STRINGS = YES;
				SWIFT_VERSION = 5.0;
				TARGETED_DEVICE_FAMILY = "1,2";
			};
			name = Debug;
		};
		AFAD4F46283A412600773FF0 /* Release */ = {
			isa = XCBuildConfiguration;
			buildSettings = {
				ASSETCATALOG_COMPILER_APPICON_NAME = AppIcon;
				ASSETCATALOG_COMPILER_GLOBAL_ACCENT_COLOR_NAME = AccentColor;
				CODE_SIGN_STYLE = Automatic;
				CURRENT_PROJECT_VERSION = 1;
				DEVELOPMENT_TEAM = 43XQUWJGKD;
				GENERATE_INFOPLIST_FILE = YES;
				INFOPLIST_FILE = NimbleSurvey/SupportingFiles/Info.plist;
				INFOPLIST_KEY_UIApplicationSupportsIndirectInputEvents = YES;
				INFOPLIST_KEY_UILaunchStoryboardName = LaunchScreen;
				INFOPLIST_KEY_UISupportedInterfaceOrientations_iPad = "UIInterfaceOrientationPortrait UIInterfaceOrientationPortraitUpsideDown UIInterfaceOrientationLandscapeLeft UIInterfaceOrientationLandscapeRight";
				INFOPLIST_KEY_UISupportedInterfaceOrientations_iPhone = "UIInterfaceOrientationPortrait UIInterfaceOrientationLandscapeLeft UIInterfaceOrientationLandscapeRight";
				LD_RUNPATH_SEARCH_PATHS = (
					"$(inherited)",
					"@executable_path/Frameworks",
				);
				MARKETING_VERSION = 1.0;
				PRODUCT_BUNDLE_IDENTIFIER = com.nayem.NimbleSurvey;
				PRODUCT_NAME = "$(TARGET_NAME)";
				SWIFT_EMIT_LOC_STRINGS = YES;
				SWIFT_VERSION = 5.0;
				TARGETED_DEVICE_FAMILY = "1,2";
			};
			name = Release;
		};
/* End XCBuildConfiguration section */

/* Begin XCConfigurationList section */
		AFAD4F2B283A412300773FF0 /* Build configuration list for PBXProject "NimbleSurvey" */ = {
			isa = XCConfigurationList;
			buildConfigurations = (
				AFAD4F42283A412600773FF0 /* Debug */,
				AFAD4F43283A412600773FF0 /* Release */,
			);
			defaultConfigurationIsVisible = 0;
			defaultConfigurationName = Release;
		};
		AFAD4F44283A412600773FF0 /* Build configuration list for PBXNativeTarget "NimbleSurvey" */ = {
			isa = XCConfigurationList;
			buildConfigurations = (
				AFAD4F45283A412600773FF0 /* Debug */,
				AFAD4F46283A412600773FF0 /* Release */,
			);
			defaultConfigurationIsVisible = 0;
			defaultConfigurationName = Release;
		};
/* End XCConfigurationList section */
	};
	rootObject = AFAD4F28283A412300773FF0 /* Project object */;
}
